
Microsoft Visual Studio Solution File, Format Version 12.00
# Visual Studio Version 16
VisualStudioVersion = 16.0.30907.101
MinimumVisualStudioVersion = 10.0.40219.1
Project("{00D1A9C2-B5F0-4AF3-8072-F6C62B433612}") = "Machine", "Machine\Machine.sqlproj", "{2D131E3A-00BD-41E2-981F-8FCD2EDEFCC0}"
EndProject
Global
	GlobalSection(SolutionConfigurationPlatforms) = preSolution
		Debug|Any CPU = Debug|Any CPU
		Release|Any CPU = Release|Any CPU
	EndGlobalSection
	GlobalSection(ProjectConfigurationPlatforms) = postSolution
		{2D131E3A-00BD-41E2-981F-8FCD2EDEFCC0}.Debug|Any CPU.ActiveCfg = Debug|Any CPU
		{2D131E3A-00BD-41E2-981F-8FCD2EDEFCC0}.Debug|Any CPU.Build.0 = Debug|Any CPU
		{2D131E3A-00BD-41E2-981F-8FCD2EDEFCC0}.Debug|Any CPU.Deploy.0 = Debug|Any CPU
		{2D131E3A-00BD-41E2-981F-8FCD2EDEFCC0}.Release|Any CPU.ActiveCfg = Release|Any CPU
		{2D131E3A-00BD-41E2-981F-8FCD2EDEFCC0}.Release|Any CPU.Build.0 = Release|Any CPU
		{2D131E3A-00BD-41E2-981F-8FCD2EDEFCC0}.Release|Any CPU.Deploy.0 = Release|Any CPU
	EndGlobalSection
	GlobalSection(SolutionProperties) = preSolution
		HideSolutionNode = FALSE
	EndGlobalSection
	GlobalSection(ExtensibilityGlobals) = postSolution
		SolutionGuid = {806C39F5-EA1F-4738-8EC5-20AACE6653BE}
	EndGlobalSection
EndGlobal
